<?xml version="1.0" encoding="utf-8"?>
<Project ToolsVersion="4.0" xmlns="http://schemas.microsoft.com/developer/msbuild/2003">
  <ItemGroup>
    <ClCompile Include="main.cpp" />
    <ClCompile Include="Utils\Shader.cpp" />
    <ClCompile Include="Utils\Camera.cpp" />
    <ClCompile Include="Utils\Mesh.cpp" />
    <ClCompile Include="Utils\Model.cpp" />
    <ClCompile Include="Utils\stb_image.cpp" />
  </ItemGroup>
  <ItemGroup>
    <ClInclude Include="Utils\Shader.hpp" />
    <ClInclude Include="Utils\Camera.hpp" />
    <ClInclude Include="Utils\Mesh.hpp" />
    <ClInclude Include="Utils\Model.hpp" />
  </ItemGroup>
  <ItemGroup>
    <None Include="Shaders\simpleDepthShader.vts" />
    <None Include="Shaders\simpleDepthShader.frs" />
  </ItemGroup>
</Project>